// !$*UTF8*$!
{
	archiveVersion = 1;
	classes = {
	};
	objectVersion = 50;
	objects = {

/* Begin PBXBuildFile section */
		1EAEA5BA2665DDC900BCA905 /* Coffee_and_SleepApp.swift in Sources */ = {isa = PBXBuildFile; fileRef = 1EAEA5B92665DDC900BCA905 /* Coffee_and_SleepApp.swift */; };
		1EAEA5BC2665DDC900BCA905 /* ContentView.swift in Sources */ = {isa = PBXBuildFile; fileRef = 1EAEA5BB2665DDC900BCA905 /* ContentView.swift */; };
		1EAEA5BE2665DDCA00BCA905 /* Assets.xcassets in Resources */ = {isa = PBXBuildFile; fileRef = 1EAEA5BD2665DDCA00BCA905 /* Assets.xcassets */; };
		1EAEA5C12665DDCA00BCA905 /* Preview Assets.xcassets in Resources */ = {isa = PBXBuildFile; fileRef = 1EAEA5C02665DDCA00BCA905 /* Preview Assets.xcassets */; };
		1EAEA5C92666E81000BCA905 /* SleepCalculator.mlmodel in Sources */ = {isa = PBXBuildFile; fileRef = 1EAEA5C82666E81000BCA905 /* SleepCalculator.mlmodel */; };
/* End PBXBuildFile section */

/* Begin PBXFileReference section */
		1EAEA5B62665DDC900BCA905 /* Coffee-and-Sleep.app */ = {isa = PBXFileReference; explicitFileType = wrapper.application; includeInIndex = 0; path = "Coffee-and-Sleep.app"; sourceTree = BUILT_PRODUCTS_DIR; };
		1EAEA5B92665DDC900BCA905 /* Coffee_and_SleepApp.swift */ = {isa = PBXFileReference; lastKnownFileType = sourcecode.swift; path = Coffee_and_SleepApp.swift; sourceTree = "<group>"; };
		1EAEA5BB2665DDC900BCA905 /* ContentView.swift */ = {isa = PBXFileReference; lastKnownFileType = sourcecode.swift; path = ContentView.swift; sourceTree = "<group>"; };
		1EAEA5BD2665DDCA00BCA905 /* Assets.xcassets */ = {isa = PBXFileReference; lastKnownFileType = folder.assetcatalog; path = Assets.xcassets; sourceTree = "<group>"; };
		1EAEA5C02665DDCA00BCA905 /* Preview Assets.xcassets */ = {isa = PBXFileReference; lastKnownFileType = folder.assetcatalog; path = "Preview Assets.xcassets"; sourceTree = "<group>"; };
		1EAEA5C22665DDCA00BCA905 /* Info.plist */ = {isa = PBXFileReference; lastKnownFileType = text.plist.xml; path = Info.plist; sourceTree = "<group>"; };
		1EAEA5C82666E81000BCA905 /* SleepCalculator.mlmodel */ = {isa = PBXFileReference; lastKnownFileType = file.mlmodel; path = SleepCalculator.mlmodel; sourceTree = "<group>"; };
/* End PBXFileReference section */

/* Begin PBXFrameworksBuildPhase section */
		1EAEA5B32665DDC900BCA905 /* Frameworks */ = {
			isa = PBXFrameworksBuildPhase;
			buildActionMask = 2147483647;
			files = (
			);
			runOnlyForDeploymentPostprocessing = 0;
		};
/* End PBXFrameworksBuildPhase section */

/* Begin PBXGroup section */
		1EAEA5AD2665DDC900BCA905 = {
			isa = PBXGroup;
			children = (
				1EAEA5B82665DDC900BCA905 /* Coffee-and-Sleep */,
				1EAEA5B72665DDC900BCA905 /* Products */,
			);
			sourceTree = "<group>";
		};
		1EAEA5B72665DDC900BCA905 /* Products */ = {
			isa = PBXGroup;
			children = (
				1EAEA5B62665DDC900BCA905 /* Coffee-and-Sleep.app */,
			);
			name = Products;
			sourceTree = "<group>";
		};
		1EAEA5B82665DDC900BCA905 /* Coffee-and-Sleep */ = {
			isa = PBXGroup;
			children = (
				1EAEA5B92665DDC900BCA905 /* Coffee_and_SleepApp.swift */,
				1EAEA5BB2665DDC900BCA905 /* ContentView.swift */,
				1EAEA5BD2665DDCA00BCA905 /* Assets.xcassets */,
				1EAEA5C22665DDCA00BCA905 /* Info.plist */,
				1EAEA5C82666E81000BCA905 /* SleepCalculator.mlmodel */,
				1EAEA5BF2665DDCA00BCA905 /* Preview Content */,
			);
			path = "Coffee-and-Sleep";
			sourceTree = "<group>";
		};
		1EAEA5BF2665DDCA00BCA905 /* Preview Content */ = {
			isa = PBXGroup;
			children = (
				1EAEA5C02665DDCA00BCA905 /* Preview Assets.xcassets */,
			);
			path = "Preview Content";
			sourceTree = "<group>";
		};
/* End PBXGroup section */

/* Begin PBXNativeTarget section */
		1EAEA5B52665DDC900BCA905 /* Coffee-and-Sleep */ = {
			isa = PBXNativeTarget;
			buildConfigurationList = 1EAEA5C52665DDCA00BCA905 /* Build configuration list for PBXNativeTarget "Coffee-and-Sleep" */;
			buildPhases = (
				1EAEA5B22665DDC900BCA905 /* Sources */,
				1EAEA5B32665DDC900BCA905 /* Frameworks */,
				1EAEA5B42665DDC900BCA905 /* Resources */,
			);
			buildRules = (
			);
			dependencies = (
			);
			name = "Coffee-and-Sleep";
			productName = "Coffee-and-Sleep";
			productReference = 1EAEA5B62665DDC900BCA905 /* Coffee-and-Sleep.app */;
			productType = "com.apple.product-type.application";
		};
/* End PBXNativeTarget section */

/* Begin PBXProject section */
		1EAEA5AE2665DDC900BCA905 /* Project object */ = {
			isa = PBXProject;
			attributes = {
				LastSwiftUpdateCheck = 1250;
				LastUpgradeCheck = 1250;
				TargetAttributes = {
					1EAEA5B52665DDC900BCA905 = {
						CreatedOnToolsVersion = 12.5;
					};
				};
			};
			buildConfigurationList = 1EAEA5B12665DDC900BCA905 /* Build configuration list for PBXProject "Coffee-and-Sleep" */;
			compatibilityVersion = "Xcode 9.3";
			developmentRegion = en;
			hasScannedForEncodings = 0;
			knownRegions = (
				en,
				Base,
			);
			mainGroup = 1EAEA5AD2665DDC900BCA905;
			productRefGroup = 1EAEA5B72665DDC900BCA905 /* Products */;
			projectDirPath = "";
			projectRoot = "";
			targets = (
				1EAEA5B52665DDC900BCA905 /* Coffee-and-Sleep */,
			);
		};
/* End PBXProject section */

/* Begin PBXResourcesBuildPhase section */
		1EAEA5B42665DDC900BCA905 /* Resources */ = {
			isa = PBXResourcesBuildPhase;
			buildActionMask = 2147483647;
			files = (
				1EAEA5C12665DDCA00BCA905 /* Preview Assets.xcassets in Resources */,
				1EAEA5BE2665DDCA00BCA905 /* Assets.xcassets in Resources */,
			);
			runOnlyForDeploymentPostprocessing = 0;
		};
/* End PBXResourcesBuildPhase section */

/* Begin PBXSourcesBuildPhase section */
		1EAEA5B22665DDC900BCA905 /* Sources */ = {
			isa = PBXSourcesBuildPhase;
			buildActionMask = 2147483647;
			files = (
				1EAEA5BC2665DDC900BCA905 /* ContentView.swift in Sources */,
				1EAEA5BA2665DDC900BCA905 /* Coffee_and_SleepApp.swift in Sources */,
				1EAEA5C92666E81000BCA905 /* SleepCalculator.mlmodel in Sources */,
			);
			runOnlyForDeploymentPostprocessing = 0;
		};
/* End PBXSourcesBuildPhase section */

/* Begin XCBuildConfiguration section */
		1EAEA5C32665DDCA00BCA905 /* Debug */ = {
			isa = XCBuildConfiguration;
			buildSettings = {
				ALWAYS_SEARCH_USER_PATHS = NO;
				CLANG_ANALYZER_NONNULL = YES;
				CLANG_ANALYZER_NUMBER_OBJECT_CONVERSION = YES_AGGRESSIVE;
				CLANG_CXX_LANGUAGE_STANDARD = "gnu++14";
				CLANG_CXX_LIBRARY = "libc++";
				CLANG_ENABLE_MODULES = YES;
				CLANG_ENABLE_OBJC_ARC = YES;
				CLANG_ENABLE_OBJC_WEAK = YES;
				CLANG_WARN_BLOCK_CAPTURE_AUTORELEASING = YES;
				CLANG_WARN_BOOL_CONVERSION = YES;
				CLANG_WARN_COMMA = YES;
				CLANG_WARN_CONSTANT_CONVERSION = YES;
				CLANG_WARN_DEPRECATED_OBJC_IMPLEMENTATIONS = YES;
				CLANG_WARN_DIRECT_OBJC_ISA_USAGE = YES_ERROR;
				CLANG_WARN_DOCUMENTATION_COMMENTS = YES;
				CLANG_WARN_EMPTY_BODY = YES;
				CLANG_WARN_ENUM_CONVERSION = YES;
				CLANG_WARN_INFINITE_RECURSION = YES;
				CLANG_WARN_INT_CONVERSION = YES;
				CLANG_WARN_NON_LITERAL_NULL_CONVERSION = YES;
				CLANG_WARN_OBJC_IMPLICIT_RETAIN_SELF = YES;
				CLANG_WARN_OBJC_LITERAL_CONVERSION = YES;
				CLANG_WARN_OBJC_ROOT_CLASS = YES_ERROR;
				CLANG_WARN_QUOTED_INCLUDE_IN_FRAMEWORK_HEADER = YES;
				CLANG_WARN_RANGE_LOOP_ANALYSIS = YES;
				CLANG_WARN_STRICT_PROTOTYPES = YES;
				CLANG_WARN_SUSPICIOUS_MOVE = YES;
				CLANG_WARN_UNGUARDED_AVAILABILITY = YES_AGGRESSIVE;
				CLANG_WARN_UNREACHABLE_CODE = YES;
				CLANG_WARN__DUPLICATE_METHOD_MATCH = YES;
				COPY_PHASE_STRIP = NO;
				DEBUG_INFORMATION_FORMAT = dwarf;
				ENABLE_STRICT_OBJC_MSGSEND = YES;
				ENABLE_TESTABILITY = YES;
				GCC_C_LANGUAGE_STANDARD = gnu11;
				GCC_DYNAMIC_NO_PIC = NO;
				GCC_NO_COMMON_BLOCKS = YES;
				GCC_OPTIMIZATION_LEVEL = 0;
				GCC_PREPROCESSOR_DEFINITIONS = (
					"DEBUG=1",
					"$(inherited)",
				);
				GCC_WARN_64_TO_32_BIT_CONVERSION = YES;
				GCC_WARN_ABOUT_RETURN_TYPE = YES_ERROR;
				GCC_WARN_UNDECLARED_SELECTOR = YES;
				GCC_WARN_UNINITIALIZED_AUTOS = YES_AGGRESSIVE;
				GCC_WARN_UNUSED_FUNCTION = YES;
				GCC_WARN_UNUSED_VARIABLE = YES;
				IPHONEOS_DEPLOYMENT_TARGET = 14.5;
				MTL_ENABLE_DEBUG_INFO = INCLUDE_SOURCE;
				MTL_FAST_MATH = YES;
				ONLY_ACTIVE_ARCH = YES;
				SDKROOT = iphoneos;
				SWIFT_ACTIVE_COMPILATION_CONDITIONS = DEBUG;
				SWIFT_OPTIMIZATION_LEVEL = "-Onone";
			};
			name = Debug;
		};
		1EAEA5C42665DDCA00BCA905 /* Release */ = {
			isa = XCBuildConfiguration;
			buildSettings = {
				ALWAYS_SEARCH_USER_PATHS = NO;
				CLANG_ANALYZER_NONNULL = YES;
				CLANG_ANALYZER_NUMBER_OBJECT_CONVERSION = YES_AGGRESSIVE;
				CLANG_CXX_LANGUAGE_STANDARD = "gnu++14";
				CLANG_CXX_LIBRARY = "libc++";
				CLANG_ENABLE_MODULES = YES;
				CLANG_ENABLE_OBJC_ARC = YES;
				CLANG_ENABLE_OBJC_WEAK = YES;
				CLANG_WARN_BLOCK_CAPTURE_AUTORELEASING = YES;
				CLANG_WARN_BOOL_CONVERSION = YES;
				CLANG_WARN_COMMA = YES;
				CLANG_WARN_CONSTANT_CONVERSION = YES;
				CLANG_WARN_DEPRECATED_OBJC_IMPLEMENTATIONS = YES;
				CLANG_WARN_DIRECT_OBJC_ISA_USAGE = YES_ERROR;
				CLANG_WARN_DOCUMENTATION_COMMENTS = YES;
				CLANG_WARN_EMPTY_BODY = YES;
				CLANG_WARN_ENUM_CONVERSION = YES;
				CLANG_WARN_INFINITE_RECURSION = YES;
				CLANG_WARN_INT_CONVERSION = YES;
				CLANG_WARN_NON_LITERAL_NULL_CONVERSION = YES;
				CLANG_WARN_OBJC_IMPLICIT_RETAIN_SELF = YES;
				CLANG_WARN_OBJC_LITERAL_CONVERSION = YES;
				CLANG_WARN_OBJC_ROOT_CLASS = YES_ERROR;
				CLANG_WARN_QUOTED_INCLUDE_IN_FRAMEWORK_HEADER = YES;
				CLANG_WARN_RANGE_LOOP_ANALYSIS = YES;
				CLANG_WARN_STRICT_PROTOTYPES = YES;
				CLANG_WARN_SUSPICIOUS_MOVE = YES;
				CLANG_WARN_UNGUARDED_AVAILABILITY = YES_AGGRESSIVE;
				CLANG_WARN_UNREACHABLE_CODE = YES;
				CLANG_WARN__DUPLICATE_METHOD_MATCH = YES;
				COPY_PHASE_STRIP = NO;
				DEBUG_INFORMATION_FORMAT = "dwarf-with-dsym";
				ENABLE_NS_ASSERTIONS = NO;
				ENABLE_STRICT_OBJC_MSGSEND = YES;
				GCC_C_LANGUAGE_STANDARD = gnu11;
				GCC_NO_COMMON_BLOCKS = YES;
				GCC_WARN_64_TO_32_BIT_CONVERSION = YES;
				GCC_WARN_ABOUT_RETURN_TYPE = YES_ERROR;
				GCC_WARN_UNDECLARED_SELECTOR = YES;
				GCC_WARN_UNINITIALIZED_AUTOS = YES_AGGRESSIVE;
				GCC_WARN_UNUSED_FUNCTION = YES;
				GCC_WARN_UNUSED_VARIABLE = YES;
				IPHONEOS_DEPLOYMENT_TARGET = 14.5;
				MTL_ENABLE_DEBUG_INFO = NO;
				MTL_FAST_MATH = YES;
				SDKROOT = iphoneos;
				SWIFT_COMPILATION_MODE = wholemodule;
				SWIFT_OPTIMIZATION_LEVEL = "-O";
				VALIDATE_PRODUCT = YES;
			};
			name = Release;
		};
		1EAEA5C62665DDCA00BCA905 /* Debug */ = {
			isa = XCBuildConfiguration;
			buildSettings = {
				ASSETCATALOG_COMPILER_APPICON_NAME = AppIcon;
				ASSETCATALOG_COMPILER_GLOBAL_ACCENT_COLOR_NAME = AccentColor;
				CODE_SIGN_STYLE = Automatic;
				DEVELOPMENT_ASSET_PATHS = "\"Coffee-and-Sleep/Preview Content\"";
				DEVELOPMENT_TEAM = 975MAWB9JM;
				ENABLE_PREVIEWS = YES;
				INFOPLIST_FILE = "Coffee-and-Sleep/Info.plist";
				IPHONEOS_DEPLOYMENT_TARGET = 14.0;
				LD_RUNPATH_SEARCH_PATHS = (
					"$(inherited)",
					"@executable_path/Frameworks",
				);
				PRODUCT_BUNDLE_IDENTIFIER = "com.loipham.Coffee-and-Sleep";
				PRODUCT_NAME = "$(TARGET_NAME)";
				SWIFT_VERSION = 5.0;
				TARGETED_DEVICE_FAMILY = "1,2";
			};
			name = Debug;
		};
		1EAEA5C72665DDCA00BCA905 /* Release */ = {
			isa = XCBuildConfiguration;
			buildSettings = {
				ASSETCATALOG_COMPILER_APPICON_NAME = AppIcon;
				ASSETCATALOG_COMPILER_GLOBAL_ACCENT_COLOR_NAME = AccentColor;
				CODE_SIGN_STYLE = Automatic;
				DEVELOPMENT_ASSET_PATHS = "\"Coffee-and-Sleep/Preview Content\"";
				DEVELOPMENT_TEAM = 975MAWB9JM;
				ENABLE_PREVIEWS = YES;
				INFOPLIST_FILE = "Coffee-and-Sleep/Info.plist";
				IPHONEOS_DEPLOYMENT_TARGET = 14.0;
				LD_RUNPATH_SEARCH_PATHS = (
					"$(inherited)",
					"@executable_path/Frameworks",
				);
				PRODUCT_BUNDLE_IDENTIFIER = "com.loipham.Coffee-and-Sleep";
				PRODUCT_NAME = "$(TARGET_NAME)";
				SWIFT_VERSION = 5.0;
				TARGETED_DEVICE_FAMILY = "1,2";
			};
			name = Release;
		};
/* End XCBuildConfiguration section */

/* Begin XCConfigurationList section */
		1EAEA5B12665DDC900BCA905 /* Build configuration list for PBXProject "Coffee-and-Sleep" */ = {
			isa = XCConfigurationList;
			buildConfigurations = (
				1EAEA5C32665DDCA00BCA905 /* Debug */,
				1EAEA5C42665DDCA00BCA905 /* Release */,
			);
			defaultConfigurationIsVisible = 0;
			defaultConfigurationName = Release;
		};
		1EAEA5C52665DDCA00BCA905 /* Build configuration list for PBXNativeTarget "Coffee-and-Sleep" */ = {
			isa = XCConfigurationList;
			buildConfigurations = (
				1EAEA5C62665DDCA00BCA905 /* Debug */,
				1EAEA5C72665DDCA00BCA905 /* Release */,
			);
			defaultConfigurationIsVisible = 0;
			defaultConfigurationName = Release;
		};
/* End XCConfigurationList section */
	};
	rootObject = 1EAEA5AE2665DDC900BCA905 /* Project object */;
}
